
Microsoft Visual Studio Solution File, Format Version 12.00
# Visual Studio Version 17
VisualStudioVersion = 17.0.31903.59
MinimumVisualStudioVersion = 10.0.40219.1
Project("{2150E333-8FDC-42A3-9474-1A3956D46DE8}") = "src", "src", "{827E0CD3-B72D-47B6-A68D-7590B98EB39B}"
EndProject
Project("{2150E333-8FDC-42A3-9474-1A3956D46DE8}") = "Core", "Core", "{8D626EA8-CB54-BC41-363A-217881BEBA6E}"
EndProject
Project("{FAE04EC0-301F-11D3-BF4B-00C04F79EFBC}") = "Tekus.Core.Domain", "src\Core\Tekus.Core.Domain\Tekus.Core.Domain.csproj", "{0A8622D4-A9A2-4E25-8D8C-D487D393E0E4}"
EndProject
Project("{FAE04EC0-301F-11D3-BF4B-00C04F79EFBC}") = "Tekus.Core.Application", "src\Core\Tekus.Core.Application\Tekus.Core.Application.csproj", "{0C17CFA9-985E-4D98-8099-522D43961F74}"
EndProject
Project("{2150E333-8FDC-42A3-9474-1A3956D46DE8}") = "Infrastructure", "Infrastructure", "{9048EB7F-3875-A59E-E36B-5BD4C6F2A282}"
EndProject
Project("{FAE04EC0-301F-11D3-BF4B-00C04F79EFBC}") = "Tekus.Infrastructure.Persistence", "src\Infrastructure\Tekus.Infrastructure.Persistence\Tekus.Infrastructure.Persistence.csproj", "{CE5B800A-16AD-46F3-8837-E445C59583A7}"
EndProject
Project("{FAE04EC0-301F-11D3-BF4B-00C04F79EFBC}") = "Tekus.Infrastructure.ExternalServices", "src\Infrastructure\Tekus.Infrastructure.ExternalServices\Tekus.Infrastructure.ExternalServices.csproj", "{037FE642-866A-4AB4-83AE-306BBB748CC1}"
EndProject
Project("{FAE04EC0-301F-11D3-BF4B-00C04F79EFBC}") = "Tekus.Infrastructure.Identity", "src\Infrastructure\Tekus.Infrastructure.Identity\Tekus.Infrastructure.Identity.csproj", "{A0FB329B-0AEC-4836-B5BD-74F583E7C8BF}"
EndProject
Project("{2150E333-8FDC-42A3-9474-1A3956D46DE8}") = "Presentation", "Presentation", "{6996BBF7-DB31-59BC-C7DD-9A7CCC6138C4}"
EndProject
Project("{FAE04EC0-301F-11D3-BF4B-00C04F79EFBC}") = "Tekus.API", "src\Presentation\Tekus.API\Tekus.API.csproj", "{E578C187-BD08-405D-BD59-AD28374FA770}"
EndProject
Project("{2150E333-8FDC-42A3-9474-1A3956D46DE8}") = "tests", "tests", "{0AB3BF05-4346-4AA6-1389-037BE0695223}"
EndProject
Project("{FAE04EC0-301F-11D3-BF4B-00C04F79EFBC}") = "Tekus.UnitTests", "tests\Tekus.UnitTests\Tekus.UnitTests.csproj", "{680D97FF-C08B-4449-9577-A51409AF7E1A}"
EndProject
Project("{FAE04EC0-301F-11D3-BF4B-00C04F79EFBC}") = "Tekus.IntegrationTests", "tests\Tekus.IntegrationTests\Tekus.IntegrationTests.csproj", "{E6BD3D84-D455-1997-09C4-1EB68D118749}"
EndProject
Global
	GlobalSection(SolutionConfigurationPlatforms) = preSolution
		Debug|Any CPU = Debug|Any CPU
		Debug|x64 = Debug|x64
		Debug|x86 = Debug|x86
		Release|Any CPU = Release|Any CPU
		Release|x64 = Release|x64
		Release|x86 = Release|x86
	EndGlobalSection
	GlobalSection(ProjectConfigurationPlatforms) = postSolution
		{0A8622D4-A9A2-4E25-8D8C-D487D393E0E4}.Debug|Any CPU.ActiveCfg = Debug|Any CPU
		{0A8622D4-A9A2-4E25-8D8C-D487D393E0E4}.Debug|Any CPU.Build.0 = Debug|Any CPU
		{0A8622D4-A9A2-4E25-8D8C-D487D393E0E4}.Debug|x64.ActiveCfg = Debug|Any CPU
		{0A8622D4-A9A2-4E25-8D8C-D487D393E0E4}.Debug|x64.Build.0 = Debug|Any CPU
		{0A8622D4-A9A2-4E25-8D8C-D487D393E0E4}.Debug|x86.ActiveCfg = Debug|Any CPU
		{0A8622D4-A9A2-4E25-8D8C-D487D393E0E4}.Debug|x86.Build.0 = Debug|Any CPU
		{0A8622D4-A9A2-4E25-8D8C-D487D393E0E4}.Release|Any CPU.ActiveCfg = Release|Any CPU
		{0A8622D4-A9A2-4E25-8D8C-D487D393E0E4}.Release|Any CPU.Build.0 = Release|Any CPU
		{0A8622D4-A9A2-4E25-8D8C-D487D393E0E4}.Release|x64.ActiveCfg = Release|Any CPU
		{0A8622D4-A9A2-4E25-8D8C-D487D393E0E4}.Release|x64.Build.0 = Release|Any CPU
		{0A8622D4-A9A2-4E25-8D8C-D487D393E0E4}.Release|x86.ActiveCfg = Release|Any CPU
		{0A8622D4-A9A2-4E25-8D8C-D487D393E0E4}.Release|x86.Build.0 = Release|Any CPU
		{0C17CFA9-985E-4D98-8099-522D43961F74}.Debug|Any CPU.ActiveCfg = Debug|Any CPU
		{0C17CFA9-985E-4D98-8099-522D43961F74}.Debug|Any CPU.Build.0 = Debug|Any CPU
		{0C17CFA9-985E-4D98-8099-522D43961F74}.Debug|x64.ActiveCfg = Debug|Any CPU
		{0C17CFA9-985E-4D98-8099-522D43961F74}.Debug|x64.Build.0 = Debug|Any CPU
		{0C17CFA9-985E-4D98-8099-522D43961F74}.Debug|x86.ActiveCfg = Debug|Any CPU
		{0C17CFA9-985E-4D98-8099-522D43961F74}.Debug|x86.Build.0 = Debug|Any CPU
		{0C17CFA9-985E-4D98-8099-522D43961F74}.Release|Any CPU.ActiveCfg = Release|Any CPU
		{0C17CFA9-985E-4D98-8099-522D43961F74}.Release|Any CPU.Build.0 = Release|Any CPU
		{0C17CFA9-985E-4D98-8099-522D43961F74}.Release|x64.ActiveCfg = Release|Any CPU
		{0C17CFA9-985E-4D98-8099-522D43961F74}.Release|x64.Build.0 = Release|Any CPU
		{0C17CFA9-985E-4D98-8099-522D43961F74}.Release|x86.ActiveCfg = Release|Any CPU
		{0C17CFA9-985E-4D98-8099-522D43961F74}.Release|x86.Build.0 = Release|Any CPU
		{CE5B800A-16AD-46F3-8837-E445C59583A7}.Debug|Any CPU.ActiveCfg = Debug|Any CPU
		{CE5B800A-16AD-46F3-8837-E445C59583A7}.Debug|Any CPU.Build.0 = Debug|Any CPU
		{CE5B800A-16AD-46F3-8837-E445C59583A7}.Debug|x64.ActiveCfg = Debug|Any CPU
		{CE5B800A-16AD-46F3-8837-E445C59583A7}.Debug|x64.Build.0 = Debug|Any CPU
		{CE5B800A-16AD-46F3-8837-E445C59583A7}.Debug|x86.ActiveCfg = Debug|Any CPU
		{CE5B800A-16AD-46F3-8837-E445C59583A7}.Debug|x86.Build.0 = Debug|Any CPU
		{CE5B800A-16AD-46F3-8837-E445C59583A7}.Release|Any CPU.ActiveCfg = Release|Any CPU
		{CE5B800A-16AD-46F3-8837-E445C59583A7}.Release|Any CPU.Build.0 = Release|Any CPU
		{CE5B800A-16AD-46F3-8837-E445C59583A7}.Release|x64.ActiveCfg = Release|Any CPU
		{CE5B800A-16AD-46F3-8837-E445C59583A7}.Release|x64.Build.0 = Release|Any CPU
		{CE5B800A-16AD-46F3-8837-E445C59583A7}.Release|x86.ActiveCfg = Release|Any CPU
		{CE5B800A-16AD-46F3-8837-E445C59583A7}.Release|x86.Build.0 = Release|Any CPU
		{037FE642-866A-4AB4-83AE-306BBB748CC1}.Debug|Any CPU.ActiveCfg = Debug|Any CPU
		{037FE642-866A-4AB4-83AE-306BBB748CC1}.Debug|Any CPU.Build.0 = Debug|Any CPU
		{037FE642-866A-4AB4-83AE-306BBB748CC1}.Debug|x64.ActiveCfg = Debug|Any CPU
		{037FE642-866A-4AB4-83AE-306BBB748CC1}.Debug|x64.Build.0 = Debug|Any CPU
		{037FE642-866A-4AB4-83AE-306BBB748CC1}.Debug|x86.ActiveCfg = Debug|Any CPU
		{037FE642-866A-4AB4-83AE-306BBB748CC1}.Debug|x86.Build.0 = Debug|Any CPU
		{037FE642-866A-4AB4-83AE-306BBB748CC1}.Release|Any CPU.ActiveCfg = Release|Any CPU
		{037FE642-866A-4AB4-83AE-306BBB748CC1}.Release|Any CPU.Build.0 = Release|Any CPU
		{037FE642-866A-4AB4-83AE-306BBB748CC1}.Release|x64.ActiveCfg = Release|Any CPU
		{037FE642-866A-4AB4-83AE-306BBB748CC1}.Release|x64.Build.0 = Release|Any CPU
		{037FE642-866A-4AB4-83AE-306BBB748CC1}.Release|x86.ActiveCfg = Release|Any CPU
		{037FE642-866A-4AB4-83AE-306BBB748CC1}.Release|x86.Build.0 = Release|Any CPU
		{A0FB329B-0AEC-4836-B5BD-74F583E7C8BF}.Debug|Any CPU.ActiveCfg = Debug|Any CPU
		{A0FB329B-0AEC-4836-B5BD-74F583E7C8BF}.Debug|Any CPU.Build.0 = Debug|Any CPU
		{A0FB329B-0AEC-4836-B5BD-74F583E7C8BF}.Debug|x64.ActiveCfg = Debug|Any CPU
		{A0FB329B-0AEC-4836-B5BD-74F583E7C8BF}.Debug|x64.Build.0 = Debug|Any CPU
		{A0FB329B-0AEC-4836-B5BD-74F583E7C8BF}.Debug|x86.ActiveCfg = Debug|Any CPU
		{A0FB329B-0AEC-4836-B5BD-74F583E7C8BF}.Debug|x86.Build.0 = Debug|Any CPU
		{A0FB329B-0AEC-4836-B5BD-74F583E7C8BF}.Release|Any CPU.ActiveCfg = Release|Any CPU
		{A0FB329B-0AEC-4836-B5BD-74F583E7C8BF}.Release|Any CPU.Build.0 = Release|Any CPU
		{A0FB329B-0AEC-4836-B5BD-74F583E7C8BF}.Release|x64.ActiveCfg = Release|Any CPU
		{A0FB329B-0AEC-4836-B5BD-74F583E7C8BF}.Release|x64.Build.0 = Release|Any CPU
		{A0FB329B-0AEC-4836-B5BD-74F583E7C8BF}.Release|x86.ActiveCfg = Release|Any CPU
		{A0FB329B-0AEC-4836-B5BD-74F583E7C8BF}.Release|x86.Build.0 = Release|Any CPU
		{E578C187-BD08-405D-BD59-AD28374FA770}.Debug|Any CPU.ActiveCfg = Debug|Any CPU
		{E578C187-BD08-405D-BD59-AD28374FA770}.Debug|Any CPU.Build.0 = Debug|Any CPU
		{E578C187-BD08-405D-BD59-AD28374FA770}.Debug|x64.ActiveCfg = Debug|Any CPU
		{E578C187-BD08-405D-BD59-AD28374FA770}.Debug|x64.Build.0 = Debug|Any CPU
		{E578C187-BD08-405D-BD59-AD28374FA770}.Debug|x86.ActiveCfg = Debug|Any CPU
		{E578C187-BD08-405D-BD59-AD28374FA770}.Debug|x86.Build.0 = Debug|Any CPU
		{E578C187-BD08-405D-BD59-AD28374FA770}.Release|Any CPU.ActiveCfg = Release|Any CPU
		{E578C187-BD08-405D-BD59-AD28374FA770}.Release|Any CPU.Build.0 = Release|Any CPU
		{E578C187-BD08-405D-BD59-AD28374FA770}.Release|x64.ActiveCfg = Release|Any CPU
		{E578C187-BD08-405D-BD59-AD28374FA770}.Release|x64.Build.0 = Release|Any CPU
		{E578C187-BD08-405D-BD59-AD28374FA770}.Release|x86.ActiveCfg = Release|Any CPU
		{E578C187-BD08-405D-BD59-AD28374FA770}.Release|x86.Build.0 = Release|Any CPU
		{680D97FF-C08B-4449-9577-A51409AF7E1A}.Debug|Any CPU.ActiveCfg = Debug|Any CPU
		{680D97FF-C08B-4449-9577-A51409AF7E1A}.Debug|Any CPU.Build.0 = Debug|Any CPU
		{680D97FF-C08B-4449-9577-A51409AF7E1A}.Debug|x64.ActiveCfg = Debug|Any CPU
		{680D97FF-C08B-4449-9577-A51409AF7E1A}.Debug|x64.Build.0 = Debug|Any CPU
		{680D97FF-C08B-4449-9577-A51409AF7E1A}.Debug|x86.ActiveCfg = Debug|Any CPU
		{680D97FF-C08B-4449-9577-A51409AF7E1A}.Debug|x86.Build.0 = Debug|Any CPU
		{680D97FF-C08B-4449-9577-A51409AF7E1A}.Release|Any CPU.ActiveCfg = Release|Any CPU
		{680D97FF-C08B-4449-9577-A51409AF7E1A}.Release|Any CPU.Build.0 = Release|Any CPU
		{680D97FF-C08B-4449-9577-A51409AF7E1A}.Release|x64.ActiveCfg = Release|Any CPU
		{680D97FF-C08B-4449-9577-A51409AF7E1A}.Release|x64.Build.0 = Release|Any CPU
		{680D97FF-C08B-4449-9577-A51409AF7E1A}.Release|x86.ActiveCfg = Release|Any CPU
		{680D97FF-C08B-4449-9577-A51409AF7E1A}.Release|x86.Build.0 = Release|Any CPU
		{E6BD3D84-D455-1997-09C4-1EB68D118749}.Debug|Any CPU.ActiveCfg = Debug|Any CPU
		{E6BD3D84-D455-1997-09C4-1EB68D118749}.Debug|Any CPU.Build.0 = Debug|Any CPU
		{E6BD3D84-D455-1997-09C4-1EB68D118749}.Debug|x64.ActiveCfg = Debug|Any CPU
		{E6BD3D84-D455-1997-09C4-1EB68D118749}.Debug|x64.Build.0 = Debug|Any CPU
		{E6BD3D84-D455-1997-09C4-1EB68D118749}.Debug|x86.ActiveCfg = Debug|Any CPU
		{E6BD3D84-D455-1997-09C4-1EB68D118749}.Debug|x86.Build.0 = Debug|Any CPU
		{E6BD3D84-D455-1997-09C4-1EB68D118749}.Release|Any CPU.ActiveCfg = Release|Any CPU
		{E6BD3D84-D455-1997-09C4-1EB68D118749}.Release|Any CPU.Build.0 = Release|Any CPU
		{E6BD3D84-D455-1997-09C4-1EB68D118749}.Release|x64.ActiveCfg = Release|Any CPU
		{E6BD3D84-D455-1997-09C4-1EB68D118749}.Release|x64.Build.0 = Release|Any CPU
		{E6BD3D84-D455-1997-09C4-1EB68D118749}.Release|x86.ActiveCfg = Release|Any CPU
		{E6BD3D84-D455-1997-09C4-1EB68D118749}.Release|x86.Build.0 = Release|Any CPU
	EndGlobalSection
	GlobalSection(SolutionProperties) = preSolution
		HideSolutionNode = FALSE
	EndGlobalSection
	GlobalSection(NestedProjects) = preSolution
		{8D626EA8-CB54-BC41-363A-217881BEBA6E} = {827E0CD3-B72D-47B6-A68D-7590B98EB39B}
		{0A8622D4-A9A2-4E25-8D8C-D487D393E0E4} = {8D626EA8-CB54-BC41-363A-217881BEBA6E}
		{0C17CFA9-985E-4D98-8099-522D43961F74} = {8D626EA8-CB54-BC41-363A-217881BEBA6E}
		{9048EB7F-3875-A59E-E36B-5BD4C6F2A282} = {827E0CD3-B72D-47B6-A68D-7590B98EB39B}
		{CE5B800A-16AD-46F3-8837-E445C59583A7} = {9048EB7F-3875-A59E-E36B-5BD4C6F2A282}
		{037FE642-866A-4AB4-83AE-306BBB748CC1} = {9048EB7F-3875-A59E-E36B-5BD4C6F2A282}
		{A0FB329B-0AEC-4836-B5BD-74F583E7C8BF} = {9048EB7F-3875-A59E-E36B-5BD4C6F2A282}
		{6996BBF7-DB31-59BC-C7DD-9A7CCC6138C4} = {827E0CD3-B72D-47B6-A68D-7590B98EB39B}
		{E578C187-BD08-405D-BD59-AD28374FA770} = {6996BBF7-DB31-59BC-C7DD-9A7CCC6138C4}
		{680D97FF-C08B-4449-9577-A51409AF7E1A} = {0AB3BF05-4346-4AA6-1389-037BE0695223}
		{E6BD3D84-D455-1997-09C4-1EB68D118749} = {0AB3BF05-4346-4AA6-1389-037BE0695223}
	EndGlobalSection
	GlobalSection(ExtensibilityGlobals) = postSolution
		SolutionGuid = {56641F2B-B915-407A-91C1-6426744032AF}
	EndGlobalSection
EndGlobal
